
Microsoft Visual Studio Solution File, Format Version 12.00
# Visual Studio Version 16
VisualStudioVersion = 16.0.31205.134
MinimumVisualStudioVersion = 10.0.40219.1
Project("{9A19103F-16F7-4668-BE54-9A1E7A4F7556}") = "ExcelExtensions", "ExcelExtensions\ExcelExtensions.csproj", "{75EDF274-F31E-420A-AF41-C044B976B9B4}"
EndProject
Project("{9A19103F-16F7-4668-BE54-9A1E7A4F7556}") = "ExcelExtensionsTests", "ExcelExtensionsTests\ExcelExtensionsTests.csproj", "{FB3858CA-D5A6-45AA-8F63-1AE0C63BA2B9}"
EndProject
Project("{2150E333-8FDC-42A3-9474-1A3956D46DE8}") = "Solution Items", "Solution Items", "{DADB85F7-E65A-455D-BFE0-AC63A8119D22}"
	ProjectSection(SolutionItems) = preProject
		.editorconfig = .editorconfig
	EndProjectSection
EndProject
Project("{9A19103F-16F7-4668-BE54-9A1E7A4F7556}") = "WebApplication", "WebApplication\WebApplication.csproj", "{B53FFBA2-0D71-4DD3-BC9E-AD4FC366D176}"
EndProject
Global
	GlobalSection(SolutionConfigurationPlatforms) = preSolution
		Debug|Any CPU = Debug|Any CPU
		Release|Any CPU = Release|Any CPU
	EndGlobalSection
	GlobalSection(ProjectConfigurationPlatforms) = postSolution
		{75EDF274-F31E-420A-AF41-C044B976B9B4}.Debug|Any CPU.ActiveCfg = Debug|Any CPU
		{75EDF274-F31E-420A-AF41-C044B976B9B4}.Debug|Any CPU.Build.0 = Debug|Any CPU
		{75EDF274-F31E-420A-AF41-C044B976B9B4}.Release|Any CPU.ActiveCfg = Release|Any CPU
		{75EDF274-F31E-420A-AF41-C044B976B9B4}.Release|Any CPU.Build.0 = Release|Any CPU
		{FB3858CA-D5A6-45AA-8F63-1AE0C63BA2B9}.Debug|Any CPU.ActiveCfg = Debug|Any CPU
		{FB3858CA-D5A6-45AA-8F63-1AE0C63BA2B9}.Debug|Any CPU.Build.0 = Debug|Any CPU
		{FB3858CA-D5A6-45AA-8F63-1AE0C63BA2B9}.Release|Any CPU.ActiveCfg = Release|Any CPU
		{FB3858CA-D5A6-45AA-8F63-1AE0C63BA2B9}.Release|Any CPU.Build.0 = Release|Any CPU
		{B53FFBA2-0D71-4DD3-BC9E-AD4FC366D176}.Debug|Any CPU.ActiveCfg = Debug|Any CPU
		{B53FFBA2-0D71-4DD3-BC9E-AD4FC366D176}.Debug|Any CPU.Build.0 = Debug|Any CPU
		{B53FFBA2-0D71-4DD3-BC9E-AD4FC366D176}.Release|Any CPU.ActiveCfg = Release|Any CPU
		{B53FFBA2-0D71-4DD3-BC9E-AD4FC366D176}.Release|Any CPU.Build.0 = Release|Any CPU
	EndGlobalSection
	GlobalSection(SolutionProperties) = preSolution
		HideSolutionNode = FALSE
	EndGlobalSection
	GlobalSection(NestedProjects) = preSolution
		{75EDF274-F31E-420A-AF41-C044B976B9B4} = {DADB85F7-E65A-455D-BFE0-AC63A8119D22}
		{FB3858CA-D5A6-45AA-8F63-1AE0C63BA2B9} = {DADB85F7-E65A-455D-BFE0-AC63A8119D22}
		{B53FFBA2-0D71-4DD3-BC9E-AD4FC366D176} = {DADB85F7-E65A-455D-BFE0-AC63A8119D22}
	EndGlobalSection
	GlobalSection(ExtensibilityGlobals) = postSolution
		SolutionGuid = {19B04A31-6DAB-4603-9F92-3D73724F1561}
	EndGlobalSection
EndGlobal
